{
  "name": "todomvc-wasm",
  "version": "1.0.0",
  "lockfileVersion": 3,
  "requires": true,
  "author": "Jonatan Borkowski",
  "description": "",
  "license": "ISC",
  "packages": {
    "": {
      "name": "todomvc-wasm",
      "version": "1.0.0",
      "license": "ISC",
      "dependencies": {
        "@bazel/ibazel": "^0.24.0",
        "todomvc-app-css": "^2.4.3"
      }
    },
    "node_modules/@bazel/ibazel": {
      "version": "0.24.0",
      "resolved": "https://registry.npmjs.org/@bazel/ibazel/-/ibazel-0.24.0.tgz",
      "integrity": "sha512-lA0Ey6iorssDTJDwBQW0bCmzQyBTAtOj7L4mqmmlFT6LhIzTc3r0iFOuzxFBsDq8NbxVs/W9PRNIsC/LfpI1nA==",
      "bin": {
        "ibazel": "index.js"
      }
    },
    "node_modules/todomvc-app-css": {
      "version": "2.4.3",
      "integrity": "sha512-mSnWZaKBWj9aQcFRsGguY/a8O8NR8GmecD48yU1rzwNemgZa/INLpIsxxMiToFGVth+uEKBrQ7IhWkaXZxwq5Q==",
      "engines": {
        "node": ">=4"
      }
    }
  }
}
